
Microsoft Visual Studio Solution File, Format Version 12.00
# Visual Studio Version 16
VisualStudioVersion = 16.0.30503.244
MinimumVisualStudioVersion = 10.0.40219.1
Project("{8BC9CEB8-8B4A-11D0-8D11-00A0C91BC942}") = "EncryptDLL", "EncryptDLL\EncryptDLL.vcxproj", "{3809F2E4-A6AC-472E-B11C-98C2E338BD4A}"
	ProjectSection(ProjectDependencies) = postProject
		{F99AF0E4-283C-45EF-9FC2-9FCDC620CE87} = {F99AF0E4-283C-45EF-9FC2-9FCDC620CE87}
	EndProjectSection
EndProject
Project("{8BC9CEB8-8B4A-11D0-8D11-00A0C91BC942}") = "Test", "Test\Test.vcxproj", "{27051399-4DAE-4278-BB43-549A46350753}"
	ProjectSection(ProjectDependencies) = postProject
		{24BB0DBF-E43B-4567-A0BF-51539D88E5B3} = {24BB0DBF-E43B-4567-A0BF-51539D88E5B3}
		{F99AF0E4-283C-45EF-9FC2-9FCDC620CE87} = {F99AF0E4-283C-45EF-9FC2-9FCDC620CE87}
		{3809F2E4-A6AC-472E-B11C-98C2E338BD4A} = {3809F2E4-A6AC-472E-B11C-98C2E338BD4A}
	EndProjectSection
EndProject
Project("{8BC9CEB8-8B4A-11D0-8D11-00A0C91BC942}") = "Frame", "Frame\Frame.vcxproj", "{F99AF0E4-283C-45EF-9FC2-9FCDC620CE87}"
EndProject
Project("{8BC9CEB8-8B4A-11D0-8D11-00A0C91BC942}") = "DecryptDLL", "DecryptDLL\DecryptDLL.vcxproj", "{24BB0DBF-E43B-4567-A0BF-51539D88E5B3}"
	ProjectSection(ProjectDependencies) = postProject
		{F99AF0E4-283C-45EF-9FC2-9FCDC620CE87} = {F99AF0E4-283C-45EF-9FC2-9FCDC620CE87}
	EndProjectSection
EndProject
Global
	GlobalSection(SolutionConfigurationPlatforms) = preSolution
		Debug|x64 = Debug|x64
		Debug|x86 = Debug|x86
		Release|x64 = Release|x64
		Release|x86 = Release|x86
	EndGlobalSection
	GlobalSection(ProjectConfigurationPlatforms) = postSolution
		{3809F2E4-A6AC-472E-B11C-98C2E338BD4A}.Debug|x64.ActiveCfg = Debug|x64
		{3809F2E4-A6AC-472E-B11C-98C2E338BD4A}.Debug|x64.Build.0 = Debug|x64
		{3809F2E4-A6AC-472E-B11C-98C2E338BD4A}.Debug|x86.ActiveCfg = Debug|Win32
		{3809F2E4-A6AC-472E-B11C-98C2E338BD4A}.Debug|x86.Build.0 = Debug|Win32
		{3809F2E4-A6AC-472E-B11C-98C2E338BD4A}.Release|x64.ActiveCfg = Release|x64
		{3809F2E4-A6AC-472E-B11C-98C2E338BD4A}.Release|x64.Build.0 = Release|x64
		{3809F2E4-A6AC-472E-B11C-98C2E338BD4A}.Release|x86.ActiveCfg = Release|Win32
		{3809F2E4-A6AC-472E-B11C-98C2E338BD4A}.Release|x86.Build.0 = Release|Win32
		{27051399-4DAE-4278-BB43-549A46350753}.Debug|x64.ActiveCfg = Debug|x64
		{27051399-4DAE-4278-BB43-549A46350753}.Debug|x64.Build.0 = Debug|x64
		{27051399-4DAE-4278-BB43-549A46350753}.Debug|x86.ActiveCfg = Debug|Win32
		{27051399-4DAE-4278-BB43-549A46350753}.Debug|x86.Build.0 = Debug|Win32
		{27051399-4DAE-4278-BB43-549A46350753}.Release|x64.ActiveCfg = Release|x64
		{27051399-4DAE-4278-BB43-549A46350753}.Release|x64.Build.0 = Release|x64
		{27051399-4DAE-4278-BB43-549A46350753}.Release|x86.ActiveCfg = Release|Win32
		{27051399-4DAE-4278-BB43-549A46350753}.Release|x86.Build.0 = Release|Win32
		{F99AF0E4-283C-45EF-9FC2-9FCDC620CE87}.Debug|x64.ActiveCfg = Debug|x64
		{F99AF0E4-283C-45EF-9FC2-9FCDC620CE87}.Debug|x64.Build.0 = Debug|x64
		{F99AF0E4-283C-45EF-9FC2-9FCDC620CE87}.Debug|x86.ActiveCfg = Debug|Win32
		{F99AF0E4-283C-45EF-9FC2-9FCDC620CE87}.Debug|x86.Build.0 = Debug|Win32
		{F99AF0E4-283C-45EF-9FC2-9FCDC620CE87}.Release|x64.ActiveCfg = Release|x64
		{F99AF0E4-283C-45EF-9FC2-9FCDC620CE87}.Release|x64.Build.0 = Release|x64
		{F99AF0E4-283C-45EF-9FC2-9FCDC620CE87}.Release|x86.ActiveCfg = Release|Win32
		{F99AF0E4-283C-45EF-9FC2-9FCDC620CE87}.Release|x86.Build.0 = Release|Win32
		{24BB0DBF-E43B-4567-A0BF-51539D88E5B3}.Debug|x64.ActiveCfg = Debug|x64
		{24BB0DBF-E43B-4567-A0BF-51539D88E5B3}.Debug|x64.Build.0 = Debug|x64
		{24BB0DBF-E43B-4567-A0BF-51539D88E5B3}.Debug|x86.ActiveCfg = Debug|Win32
		{24BB0DBF-E43B-4567-A0BF-51539D88E5B3}.Debug|x86.Build.0 = Debug|Win32
		{24BB0DBF-E43B-4567-A0BF-51539D88E5B3}.Release|x64.ActiveCfg = Release|x64
		{24BB0DBF-E43B-4567-A0BF-51539D88E5B3}.Release|x64.Build.0 = Release|x64
		{24BB0DBF-E43B-4567-A0BF-51539D88E5B3}.Release|x86.ActiveCfg = Release|Win32
		{24BB0DBF-E43B-4567-A0BF-51539D88E5B3}.Release|x86.Build.0 = Release|Win32
	EndGlobalSection
	GlobalSection(SolutionProperties) = preSolution
		HideSolutionNode = FALSE
	EndGlobalSection
	GlobalSection(ExtensibilityGlobals) = postSolution
		SolutionGuid = {E2CD7CE4-38FB-471A-AF1F-58F87E16BFD4}
	EndGlobalSection
EndGlobal
