<?xml version="1.0" encoding="utf-8"?>
<Project ToolsVersion="4.0" xmlns="http://schemas.microsoft.com/developer/msbuild/2003">
  <ItemGroup>
    <Filter Include="Common">
      <UniqueIdentifier>{ca002639-45be-4d32-b520-d2b47713105a}</UniqueIdentifier>
    </Filter>
    <Filter Include="Socket">
      <UniqueIdentifier>{ec03abcd-92b7-4b38-8ada-571760e2d2b2}</UniqueIdentifier>
    </Filter>
    <Filter Include="EventSystem">
      <UniqueIdentifier>{929ae0f7-4a32-4b58-bf67-1bbc381853f1}</UniqueIdentifier>
    </Filter>
    <Filter Include="Socket\SocketPacket">
      <UniqueIdentifier>{acd6729e-6898-40d2-89e7-710bbed81395}</UniqueIdentifier>
    </Filter>
    <Filter Include="CommandSystem">
      <UniqueIdentifier>{635597d6-b01f-4c0d-963b-cbe9f8a022ed}</UniqueIdentifier>
    </Filter>
    <Filter Include="EditorCore">
      <UniqueIdentifier>{4ee02202-78ba-4997-88b0-993612ecab5c}</UniqueIdentifier>
    </Filter>
    <Filter Include="LibCurl">
      <UniqueIdentifier>{f867e869-d451-4aa8-aa22-4c3c893c0b6e}</UniqueIdentifier>
    </Filter>
    <Filter Include="LibCurl\Packet">
      <UniqueIdentifier>{89dbc537-c5e3-4e82-ba53-d00e71708a12}</UniqueIdentifier>
    </Filter>
    <Filter Include="STL">
      <UniqueIdentifier>{4288815a-a5ed-4394-8f09-666cc9aae93a}</UniqueIdentifier>
    </Filter>
    <Filter Include="dependence">
      <UniqueIdentifier>{f297ce70-2a6b-4c7a-8996-fa5d94da7009}</UniqueIdentifier>
    </Filter>
    <Filter Include="dependence\md5">
      <UniqueIdentifier>{37b45245-9360-4890-90b1-35fea4a52600}</UniqueIdentifier>
    </Filter>
    <Filter Include="dependence\curl_windows">
      <UniqueIdentifier>{189992f2-b5ba-4132-8c20-b372b0eead58}</UniqueIdentifier>
    </Filter>
    <Filter Include="dependence\json">
      <UniqueIdentifier>{6e04b810-bd45-4118-8e5f-e3969070c728}</UniqueIdentifier>
    </Filter>
    <Filter Include="CommandSystem\CommandGymInfo">
      <UniqueIdentifier>{471b34e2-7857-423a-994c-605fc751d4a7}</UniqueIdentifier>
    </Filter>
  </ItemGroup>
  <ItemGroup>
    <ClCompile Include="Common\txMemeryTrace.cpp">
      <Filter>Common</Filter>
    </ClCompile>
    <ClCompile Include="Common\txSerializedData.cpp">
      <Filter>Common</Filter>
    </ClCompile>
    <ClCompile Include="Socket\SocketNetManager.cpp">
      <Filter>Socket</Filter>
    </ClCompile>
    <ClCompile Include="Socket\SocketPacketFactoryManager.cpp">
      <Filter>Socket</Filter>
    </ClCompile>
    <ClCompile Include="EventSystem\CTEventSystem.cpp">
      <Filter>EventSystem</Filter>
    </ClCompile>
    <ClCompile Include="Common\txUtility.cpp">
      <Filter>Common</Filter>
    </ClCompile>
    <ClCompile Include="Common\txSerializer.cpp">
      <Filter>Common</Filter>
    </ClCompile>
    <ClCompile Include="Common\EditorCoreBase.cpp">
      <Filter>Common</Filter>
    </ClCompile>
    <ClCompile Include="Common\EditorCoreUtility.cpp">
      <Filter>Common</Filter>
    </ClCompile>
    <ClCompile Include="EditorCore\EditorCore.cpp">
      <Filter>EditorCore</Filter>
    </ClCompile>
    <ClCompile Include="EditorCore\GymInfo.cpp">
      <Filter>EditorCore</Filter>
    </ClCompile>
    <ClCompile Include="Common\txRegisterTool.cpp">
      <Filter>Common</Filter>
    </ClCompile>
    <ClCompile Include="Common\txSystemInfo.cpp">
      <Filter>Common</Filter>
    </ClCompile>
    <ClCompile Include="LibCurl\LibCurlNetManager.cpp">
      <Filter>LibCurl</Filter>
    </ClCompile>
    <ClCompile Include="CommandSystem\txCommand.cpp">
      <Filter>CommandSystem</Filter>
    </ClCompile>
    <ClCompile Include="CommandSystem\txCommandReceiver.cpp">
      <Filter>CommandSystem</Filter>
    </ClCompile>
    <ClCompile Include="CommandSystem\txCommandSystem.cpp">
      <Filter>CommandSystem</Filter>
    </ClCompile>
    <ClCompile Include="LibCurl\Packet\QueryGym.cpp">
      <Filter>LibCurl\Packet</Filter>
    </ClCompile>
    <ClCompile Include="LibCurl\Packet\RegisteGym.cpp">
      <Filter>LibCurl\Packet</Filter>
    </ClCompile>
    <ClCompile Include="dependence\md5\md5.cpp">
      <Filter>dependence\md5</Filter>
    </ClCompile>
    <ClCompile Include="dependence\json\json_reader.cpp">
      <Filter>dependence\json</Filter>
    </ClCompile>
    <ClCompile Include="dependence\json\json_value.cpp">
      <Filter>dependence\json</Filter>
    </ClCompile>
    <ClCompile Include="dependence\json\json_writer.cpp">
      <Filter>dependence\json</Filter>
    </ClCompile>
    <ClCompile Include="CommandSystem\CommandGymInfo\CommandGymInfoNotifyQueryRet.cpp">
      <Filter>CommandSystem\CommandGymInfo</Filter>
    </ClCompile>
    <ClCompile Include="CommandSystem\CommandGymInfo\CommandGymInfoNotifyRegisteRet.cpp">
      <Filter>CommandSystem\CommandGymInfo</Filter>
    </ClCompile>
    <ClCompile Include="Common\txThreadLock.cpp">
      <Filter>Common</Filter>
    </ClCompile>
  </ItemGroup>
  <ItemGroup>
    <ClInclude Include="Common\CommonDefine.h">
      <Filter>Common</Filter>
    </ClInclude>
    <ClInclude Include="Common\txFactoryManager.h">
      <Filter>Common</Filter>
    </ClInclude>
    <ClInclude Include="Common\txMemeryTrace.h">
      <Filter>Common</Filter>
    </ClInclude>
    <ClInclude Include="Common\txSerializedData.h">
      <Filter>Common</Filter>
    </ClInclude>
    <ClInclude Include="Socket\SocketPacket\SocketPacket.h">
      <Filter>Socket\SocketPacket</Filter>
    </ClInclude>
    <ClInclude Include="Socket\SocketNetManager.h">
      <Filter>Socket</Filter>
    </ClInclude>
    <ClInclude Include="Socket\SocketPacketFactory.h">
      <Filter>Socket</Filter>
    </ClInclude>
    <ClInclude Include="Socket\SocketPacketFactoryManager.h">
      <Filter>Socket</Filter>
    </ClInclude>
    <ClInclude Include="EventSystem\CTEventHandler.h">
      <Filter>EventSystem</Filter>
    </ClInclude>
    <ClInclude Include="EventSystem\CTEventSystem.h">
      <Filter>EventSystem</Filter>
    </ClInclude>
    <ClInclude Include="Common\txEventHandler.h">
      <Filter>Common</Filter>
    </ClInclude>
    <ClInclude Include="Common\txEventSystemBase.h">
      <Filter>Common</Filter>
    </ClInclude>
    <ClInclude Include="Common\txSingleton.h">
      <Filter>Common</Filter>
    </ClInclude>
    <ClInclude Include="CommandSystem\CommandHeader.h">
      <Filter>CommandSystem</Filter>
    </ClInclude>
    <ClInclude Include="Common\txUtility.h">
      <Filter>Common</Filter>
    </ClInclude>
    <ClInclude Include="Common\txLog.h">
      <Filter>Common</Filter>
    </ClInclude>
    <ClInclude Include="Common\txSerializer.h">
      <Filter>Common</Filter>
    </ClInclude>
    <ClInclude Include="Common\EditorCoreBase.h">
      <Filter>Common</Filter>
    </ClInclude>
    <ClInclude Include="Common\EditorCoreLog.h">
      <Filter>Common</Filter>
    </ClInclude>
    <ClInclude Include="Common\EditorCoreUtility.h">
      <Filter>Common</Filter>
    </ClInclude>
    <ClInclude Include="EditorCore\EditorCore.h">
      <Filter>EditorCore</Filter>
    </ClInclude>
    <ClInclude Include="EditorCore\GymInfo.h">
      <Filter>EditorCore</Filter>
    </ClInclude>
    <ClInclude Include="Common\txRegisterTool.h">
      <Filter>Common</Filter>
    </ClInclude>
    <ClInclude Include="Common\txSystemInfo.h">
      <Filter>Common</Filter>
    </ClInclude>
    <ClInclude Include="LibCurl\Packet\LibCurlPacket.h">
      <Filter>LibCurl\Packet</Filter>
    </ClInclude>
    <ClInclude Include="LibCurl\LibCurlNetManager.h">
      <Filter>LibCurl</Filter>
    </ClInclude>
    <ClInclude Include="LibCurl\LibCurlPacketFactory.h">
      <Filter>LibCurl</Filter>
    </ClInclude>
    <ClInclude Include="CommandSystem\txCommand.h">
      <Filter>CommandSystem</Filter>
    </ClInclude>
    <ClInclude Include="CommandSystem\txCommandReceiver.h">
      <Filter>CommandSystem</Filter>
    </ClInclude>
    <ClInclude Include="CommandSystem\txCommandSystem.h">
      <Filter>CommandSystem</Filter>
    </ClInclude>
    <ClInclude Include="STL\txMap.h">
      <Filter>STL</Filter>
    </ClInclude>
    <ClInclude Include="STL\txSet.h">
      <Filter>STL</Filter>
    </ClInclude>
    <ClInclude Include="STL\txSTLBase.h">
      <Filter>STL</Filter>
    </ClInclude>
    <ClInclude Include="STL\txVector.h">
      <Filter>STL</Filter>
    </ClInclude>
    <ClInclude Include="Common\EngineDefine.h">
      <Filter>Common</Filter>
    </ClInclude>
    <ClInclude Include="LibCurl\Packet\QueryGym.h">
      <Filter>LibCurl\Packet</Filter>
    </ClInclude>
    <ClInclude Include="LibCurl\Packet\RegisteGym.h">
      <Filter>LibCurl\Packet</Filter>
    </ClInclude>
    <ClInclude Include="dependence\md5\md5.h">
      <Filter>dependence\md5</Filter>
    </ClInclude>
    <ClInclude Include="dependence\curl_windows\curl.h">
      <Filter>dependence\curl_windows</Filter>
    </ClInclude>
    <ClInclude Include="dependence\curl_windows\curlbuild.h">
      <Filter>dependence\curl_windows</Filter>
    </ClInclude>
    <ClInclude Include="dependence\curl_windows\curlrules.h">
      <Filter>dependence\curl_windows</Filter>
    </ClInclude>
    <ClInclude Include="dependence\curl_windows\curlver.h">
      <Filter>dependence\curl_windows</Filter>
    </ClInclude>
    <ClInclude Include="dependence\curl_windows\easy.h">
      <Filter>dependence\curl_windows</Filter>
    </ClInclude>
    <ClInclude Include="dependence\curl_windows\mprintf.h">
      <Filter>dependence\curl_windows</Filter>
    </ClInclude>
    <ClInclude Include="dependence\curl_windows\multi.h">
      <Filter>dependence\curl_windows</Filter>
    </ClInclude>
    <ClInclude Include="dependence\curl_windows\stdcheaders.h">
      <Filter>dependence\curl_windows</Filter>
    </ClInclude>
    <ClInclude Include="dependence\curl_windows\typecheck-gcc.h">
      <Filter>dependence\curl_windows</Filter>
    </ClInclude>
    <ClInclude Include="dependence\curl_windows\types.h">
      <Filter>dependence\curl_windows</Filter>
    </ClInclude>
    <ClInclude Include="dependence\json\assertions.h">
      <Filter>dependence\json</Filter>
    </ClInclude>
    <ClInclude Include="dependence\json\autolink.h">
      <Filter>dependence\json</Filter>
    </ClInclude>
    <ClInclude Include="dependence\json\config.h">
      <Filter>dependence\json</Filter>
    </ClInclude>
    <ClInclude Include="dependence\json\features.h">
      <Filter>dependence\json</Filter>
    </ClInclude>
    <ClInclude Include="dependence\json\forwards.h">
      <Filter>dependence\json</Filter>
    </ClInclude>
    <ClInclude Include="dependence\json\json.h">
      <Filter>dependence\json</Filter>
    </ClInclude>
    <ClInclude Include="dependence\json\json_batchallocator.h">
      <Filter>dependence\json</Filter>
    </ClInclude>
    <ClInclude Include="dependence\json\json_tool.h">
      <Filter>dependence\json</Filter>
    </ClInclude>
    <ClInclude Include="dependence\json\json-forwards.h">
      <Filter>dependence\json</Filter>
    </ClInclude>
    <ClInclude Include="dependence\json\reader.h">
      <Filter>dependence\json</Filter>
    </ClInclude>
    <ClInclude Include="dependence\json\value.h">
      <Filter>dependence\json</Filter>
    </ClInclude>
    <ClInclude Include="dependence\json\version.h">
      <Filter>dependence\json</Filter>
    </ClInclude>
    <ClInclude Include="dependence\json\writer.h">
      <Filter>dependence\json</Filter>
    </ClInclude>
    <ClInclude Include="LibCurl\Packet\LibCurlPacketHeader.h">
      <Filter>LibCurl\Packet</Filter>
    </ClInclude>
    <ClInclude Include="CommandSystem\CommandGymInfo\CommandGymInfoNotifyQueryRet.h">
      <Filter>CommandSystem\CommandGymInfo</Filter>
    </ClInclude>
    <ClInclude Include="CommandSystem\CommandGymInfo\CommandGymInfoNotifyRegisteRet.h">
      <Filter>CommandSystem\CommandGymInfo</Filter>
    </ClInclude>
    <ClInclude Include="CommandSystem\EditorCoreCommand.h">
      <Filter>CommandSystem</Filter>
    </ClInclude>
    <ClInclude Include="Common\txThreadLock.h">
      <Filter>Common</Filter>
    </ClInclude>
  </ItemGroup>
  <ItemGroup>
    <None Include="dependence\json\json_internalarray.inl">
      <Filter>dependence\json</Filter>
    </None>
    <None Include="dependence\json\json_internalmap.inl">
      <Filter>dependence\json</Filter>
    </None>
    <None Include="dependence\json\json_valueiterator.inl">
      <Filter>dependence\json</Filter>
    </None>
  </ItemGroup>
</Project>