<?xml version="1.0" encoding="utf-8"?>
<Project ToolsVersion="4.0" xmlns="http://schemas.microsoft.com/developer/msbuild/2003">
  <ItemGroup>
    <Filter Include="源文件">
      <UniqueIdentifier>{4FC737F1-C7A5-4376-A066-2A32D752A2FF}</UniqueIdentifier>
      <Extensions>cpp;c;cc;cxx;c++;cppm;ixx;def;odl;idl;hpj;bat;asm;asmx</Extensions>
    </Filter>
    <Filter Include="资源文件">
      <UniqueIdentifier>{67DA6AB6-F800-4c08-8B7A-83BB121AAD01}</UniqueIdentifier>
      <Extensions>rc;ico;cur;bmp;dlg;rc2;rct;bin;rgs;gif;jpg;jpeg;jpe;resx;tiff;tif;png;wav;mfcribbon-ms</Extensions>
    </Filter>
    <Filter Include="Utility">
      <UniqueIdentifier>{93995380-89BD-4b04-88EB-625FBE52EBFB}</UniqueIdentifier>
      <Extensions>h;hh;hpp;hxx;h++;hm;inl;inc;ipp;xsd</Extensions>
    </Filter>
    <Filter Include="Utility\FileStruct">
      <UniqueIdentifier>{b12cb479-1bcd-4efe-ad65-0ac0e9ab6033}</UniqueIdentifier>
    </Filter>
    <Filter Include="Common">
      <UniqueIdentifier>{6b97e376-8fb2-499c-a74f-3abaf864b582}</UniqueIdentifier>
    </Filter>
    <Filter Include="STL">
      <UniqueIdentifier>{1d2ee937-152a-48a0-a305-262a303b1db9}</UniqueIdentifier>
    </Filter>
  </ItemGroup>
  <ItemGroup>
    <ClCompile Include="Utility\BinaryUtility.cpp">
      <Filter>Utility</Filter>
    </ClCompile>
    <ClCompile Include="Utility\FileUtility.cpp">
      <Filter>Utility</Filter>
    </ClCompile>
    <ClCompile Include="Utility\FrameUtility.cpp">
      <Filter>Utility</Filter>
    </ClCompile>
    <ClCompile Include="Utility\MathUtility.cpp">
      <Filter>Utility</Filter>
    </ClCompile>
    <ClCompile Include="Utility\StringUtility.cpp">
      <Filter>Utility</Filter>
    </ClCompile>
    <ClCompile Include="Utility\SystemUtility.cpp">
      <Filter>Utility</Filter>
    </ClCompile>
    <ClCompile Include="Utility\FileStruct\FileContent.cpp">
      <Filter>Utility\FileStruct</Filter>
    </ClCompile>
    <ClCompile Include="Common\FrameDefine.cpp">
      <Filter>Common</Filter>
    </ClCompile>
    <ClCompile Include="STL\mySTL.cpp">
      <Filter>STL</Filter>
    </ClCompile>
    <ClCompile Include="main.cpp">
      <Filter>源文件</Filter>
    </ClCompile>
    <ClCompile Include="EncryptSQLite.cpp">
      <Filter>源文件</Filter>
    </ClCompile>
  </ItemGroup>
  <ItemGroup>
    <ClInclude Include="Utility\BinaryUtility.h">
      <Filter>Utility</Filter>
    </ClInclude>
    <ClInclude Include="Utility\FileUtility.h">
      <Filter>Utility</Filter>
    </ClInclude>
    <ClInclude Include="Utility\FrameUtility.h">
      <Filter>Utility</Filter>
    </ClInclude>
    <ClInclude Include="Utility\MathUtility.h">
      <Filter>Utility</Filter>
    </ClInclude>
    <ClInclude Include="Utility\StringUtility.h">
      <Filter>Utility</Filter>
    </ClInclude>
    <ClInclude Include="Utility\SystemUtility.h">
      <Filter>Utility</Filter>
    </ClInclude>
    <ClInclude Include="Utility\FileStruct\FileContent.h">
      <Filter>Utility\FileStruct</Filter>
    </ClInclude>
    <ClInclude Include="Common\FrameMacro.h">
      <Filter>Common</Filter>
    </ClInclude>
    <ClInclude Include="Common\FrameDefine.h">
      <Filter>Common</Filter>
    </ClInclude>
    <ClInclude Include="STL\mySafeVector.h">
      <Filter>STL</Filter>
    </ClInclude>
    <ClInclude Include="STL\mySet.h">
      <Filter>STL</Filter>
    </ClInclude>
    <ClInclude Include="STL\myStack.h">
      <Filter>STL</Filter>
    </ClInclude>
    <ClInclude Include="STL\mySTL.h">
      <Filter>STL</Filter>
    </ClInclude>
    <ClInclude Include="STL\myVector.h">
      <Filter>STL</Filter>
    </ClInclude>
    <ClInclude Include="STL\myMap.h">
      <Filter>STL</Filter>
    </ClInclude>
    <ClInclude Include="STL\myQueue.h">
      <Filter>STL</Filter>
    </ClInclude>
    <ClInclude Include="STL\mySafeMap.h">
      <Filter>STL</Filter>
    </ClInclude>
    <ClInclude Include="STL\mySafeSet.h">
      <Filter>STL</Filter>
    </ClInclude>
    <ClInclude Include="EncryptSQLite.h">
      <Filter>源文件</Filter>
    </ClInclude>
  </ItemGroup>
</Project>