<?xml version="1.0" encoding="utf-8"?>
<Project ToolsVersion="4.0" xmlns="http://schemas.microsoft.com/developer/msbuild/2003">
  <ItemGroup>
    <Filter Include="源文件">
      <UniqueIdentifier>{4FC737F1-C7A5-4376-A066-2A32D752A2FF}</UniqueIdentifier>
      <Extensions>cpp;c;cc;cxx;def;odl;idl;hpj;bat;asm;asmx</Extensions>
    </Filter>
    <Filter Include="资源文件">
      <UniqueIdentifier>{67DA6AB6-F800-4c08-8B7A-83BB121AAD01}</UniqueIdentifier>
      <Extensions>rc;ico;cur;bmp;dlg;rc2;rct;bin;rgs;gif;jpg;jpeg;jpe;resx;tiff;tif;png;wav;mfcribbon-ms</Extensions>
    </Filter>
    <Filter Include="Utility">
      <UniqueIdentifier>{93995380-89BD-4b04-88EB-625FBE52EBFB}</UniqueIdentifier>
      <Extensions>h;hh;hpp;hxx;hm;inl;inc;xsd</Extensions>
    </Filter>
    <Filter Include="Common">
      <UniqueIdentifier>{c4812f77-04da-426d-9613-1a0dfcdef1f6}</UniqueIdentifier>
    </Filter>
    <Filter Include="FreeImage">
      <UniqueIdentifier>{34a9c1f0-c495-44c7-830e-511df080ea56}</UniqueIdentifier>
    </Filter>
    <Filter Include="STL">
      <UniqueIdentifier>{4b5ede1d-fb6d-4273-bf4b-0a5122c52f60}</UniqueIdentifier>
    </Filter>
    <Filter Include="Memory">
      <UniqueIdentifier>{ffdc7a54-7f92-4054-860d-18e9043d63d3}</UniqueIdentifier>
    </Filter>
    <Filter Include="Thread">
      <UniqueIdentifier>{ff39ed26-1561-4170-93a8-de4fa8a4f813}</UniqueIdentifier>
    </Filter>
    <Filter Include="Serialize">
      <UniqueIdentifier>{dddc0fcc-c08b-4519-9aba-79c75c41dea1}</UniqueIdentifier>
    </Filter>
    <Filter Include="Sqlite">
      <UniqueIdentifier>{9726e374-1ecd-4c4c-bc6c-79c38d015034}</UniqueIdentifier>
    </Filter>
    <Filter Include="Sqlite\Table">
      <UniqueIdentifier>{3ef8c080-43e5-45c6-a0d0-8f5c3b98473e}</UniqueIdentifier>
    </Filter>
    <Filter Include="Sqlite\sqlite3">
      <UniqueIdentifier>{fe2f7597-6e26-4ca4-bbae-b652d73df5a4}</UniqueIdentifier>
    </Filter>
    <Filter Include="SceneMap">
      <UniqueIdentifier>{47a9350b-d916-4ed8-861c-4dafdeda1366}</UniqueIdentifier>
    </Filter>
    <Filter Include="Image">
      <UniqueIdentifier>{85cefcf8-04e5-4ebd-88b5-4b0084f49303}</UniqueIdentifier>
    </Filter>
    <Filter Include="Math">
      <UniqueIdentifier>{071a5e6c-6a95-4760-baee-999f48e1f065}</UniqueIdentifier>
    </Filter>
    <Filter Include="md5">
      <UniqueIdentifier>{18504be2-3e00-4628-a078-00235b1e15ed}</UniqueIdentifier>
    </Filter>
    <Filter Include="Sqlite\Data">
      <UniqueIdentifier>{493012cc-77cc-44c4-8365-a9d257fcdb4b}</UniqueIdentifier>
    </Filter>
  </ItemGroup>
  <ItemGroup>
    <ClCompile Include="main.cpp">
      <Filter>源文件</Filter>
    </ClCompile>
    <ClCompile Include="Memory\txMemoryCheck.cpp">
      <Filter>Memory</Filter>
    </ClCompile>
    <ClCompile Include="Memory\txMemoryTrace.cpp">
      <Filter>Memory</Filter>
    </ClCompile>
    <ClCompile Include="Memory\txShareMemoryServer.cpp">
      <Filter>Memory</Filter>
    </ClCompile>
    <ClCompile Include="Thread\CustomThread.cpp">
      <Filter>Thread</Filter>
    </ClCompile>
    <ClCompile Include="Thread\ThreadLock.cpp">
      <Filter>Thread</Filter>
    </ClCompile>
    <ClCompile Include="Thread\TimeLock.cpp">
      <Filter>Thread</Filter>
    </ClCompile>
    <ClCompile Include="Common\ServerBase.cpp">
      <Filter>Common</Filter>
    </ClCompile>
    <ClCompile Include="Serialize\txSerializedData.cpp">
      <Filter>Serialize</Filter>
    </ClCompile>
    <ClCompile Include="Serialize\txSerializer.cpp">
      <Filter>Serialize</Filter>
    </ClCompile>
    <ClCompile Include="Utility\ImageUtility.cpp">
      <Filter>Utility</Filter>
    </ClCompile>
    <ClCompile Include="Sqlite\sqlite3\sqlite3.c">
      <Filter>Sqlite\sqlite3</Filter>
    </ClCompile>
    <ClCompile Include="SceneMap\MapHeader.cpp">
      <Filter>SceneMap</Filter>
    </ClCompile>
    <ClCompile Include="SceneMap\MapTile.cpp">
      <Filter>SceneMap</Filter>
    </ClCompile>
    <ClCompile Include="Image\EffectImage.cpp">
      <Filter>Image</Filter>
    </ClCompile>
    <ClCompile Include="Image\HumanImage.cpp">
      <Filter>Image</Filter>
    </ClCompile>
    <ClCompile Include="Image\MonsterImage.cpp">
      <Filter>Image</Filter>
    </ClCompile>
    <ClCompile Include="Image\NPCImage.cpp">
      <Filter>Image</Filter>
    </ClCompile>
    <ClCompile Include="Image\WeaponImage.cpp">
      <Filter>Image</Filter>
    </ClCompile>
    <ClCompile Include="SceneMap\UnreachTileGroup.cpp">
      <Filter>SceneMap</Filter>
    </ClCompile>
    <ClCompile Include="SceneMap\MapData.cpp">
      <Filter>SceneMap</Filter>
    </ClCompile>
    <ClCompile Include="md5\md5.cpp">
      <Filter>md5</Filter>
    </ClCompile>
    <ClCompile Include="Sqlite\Table\SQLiteMonsterRegion.cpp">
      <Filter>Sqlite\Table</Filter>
    </ClCompile>
    <ClCompile Include="Sqlite\Table\SQLiteNPC.cpp">
      <Filter>Sqlite\Table</Filter>
    </ClCompile>
    <ClCompile Include="Sqlite\Table\SQLiteSceneMapPeaceArea.cpp">
      <Filter>Sqlite\Table</Filter>
    </ClCompile>
    <ClCompile Include="Sqlite\Table\SQLiteSceneMapSubRegion.cpp">
      <Filter>Sqlite\Table</Filter>
    </ClCompile>
    <ClCompile Include="Sqlite\Table\SQLiteSceneMapTransfer.cpp">
      <Filter>Sqlite\Table</Filter>
    </ClCompile>
    <ClCompile Include="Sqlite\Data\TDAchivement.cpp">
      <Filter>Sqlite\Data</Filter>
    </ClCompile>
    <ClCompile Include="Sqlite\Data\TDAnimation.cpp">
      <Filter>Sqlite\Data</Filter>
    </ClCompile>
    <ClCompile Include="Sqlite\Data\TDBuff.cpp">
      <Filter>Sqlite\Data</Filter>
    </ClCompile>
    <ClCompile Include="Sqlite\Data\TDBuffDetail.cpp">
      <Filter>Sqlite\Data</Filter>
    </ClCompile>
    <ClCompile Include="Sqlite\Data\TDCondition.cpp">
      <Filter>Sqlite\Data</Filter>
    </ClCompile>
    <ClCompile Include="Sqlite\Data\TDConditionDetail.cpp">
      <Filter>Sqlite\Data</Filter>
    </ClCompile>
    <ClCompile Include="Sqlite\Data\TDEquipStrength.cpp">
      <Filter>Sqlite\Data</Filter>
    </ClCompile>
    <ClCompile Include="Sqlite\Data\TDErrorCode.cpp">
      <Filter>Sqlite\Data</Filter>
    </ClCompile>
    <ClCompile Include="Sqlite\Data\TDGoods.cpp">
      <Filter>Sqlite\Data</Filter>
    </ClCompile>
    <ClCompile Include="Sqlite\Data\TDGuild.cpp">
      <Filter>Sqlite\Data</Filter>
    </ClCompile>
    <ClCompile Include="Sqlite\Data\TDItem.cpp">
      <Filter>Sqlite\Data</Filter>
    </ClCompile>
    <ClCompile Include="Sqlite\Data\TDItemBox.cpp">
      <Filter>Sqlite\Data</Filter>
    </ClCompile>
    <ClCompile Include="Sqlite\Data\TDItemConsumable.cpp">
      <Filter>Sqlite\Data</Filter>
    </ClCompile>
    <ClCompile Include="Sqlite\Data\TDItemEquip.cpp">
      <Filter>Sqlite\Data</Filter>
    </ClCompile>
    <ClCompile Include="Sqlite\Data\TDItemMaterial.cpp">
      <Filter>Sqlite\Data</Filter>
    </ClCompile>
    <ClCompile Include="Sqlite\Data\TDItemSkillBook.cpp">
      <Filter>Sqlite\Data</Filter>
    </ClCompile>
    <ClCompile Include="Sqlite\Data\TDMakeItem.cpp">
      <Filter>Sqlite\Data</Filter>
    </ClCompile>
    <ClCompile Include="Sqlite\Data\TDMineRegion.cpp">
      <Filter>Sqlite\Data</Filter>
    </ClCompile>
    <ClCompile Include="Sqlite\Data\TDMission.cpp">
      <Filter>Sqlite\Data</Filter>
    </ClCompile>
    <ClCompile Include="Sqlite\Data\TDMonster.cpp">
      <Filter>Sqlite\Data</Filter>
    </ClCompile>
    <ClCompile Include="Sqlite\Data\TDMonsterRegion.cpp">
      <Filter>Sqlite\Data</Filter>
    </ClCompile>
    <ClCompile Include="Sqlite\Data\TDMonsterSkill.cpp">
      <Filter>Sqlite\Data</Filter>
    </ClCompile>
    <ClCompile Include="Sqlite\Data\TDMonsterTemplate.cpp">
      <Filter>Sqlite\Data</Filter>
    </ClCompile>
    <ClCompile Include="Sqlite\Data\TDNPC.cpp">
      <Filter>Sqlite\Data</Filter>
    </ClCompile>
    <ClCompile Include="Sqlite\Data\TDPlayerLevel.cpp">
      <Filter>Sqlite\Data</Filter>
    </ClCompile>
    <ClCompile Include="Sqlite\Data\TDPlayerSkill.cpp">
      <Filter>Sqlite\Data</Filter>
    </ClCompile>
    <ClCompile Include="Sqlite\Data\TDPlayerSkillDetail.cpp">
      <Filter>Sqlite\Data</Filter>
    </ClCompile>
    <ClCompile Include="Sqlite\Data\TDReward.cpp">
      <Filter>Sqlite\Data</Filter>
    </ClCompile>
    <ClCompile Include="Sqlite\Data\TDSceneMap.cpp">
      <Filter>Sqlite\Data</Filter>
    </ClCompile>
    <ClCompile Include="Sqlite\Data\TDSceneMapFile.cpp">
      <Filter>Sqlite\Data</Filter>
    </ClCompile>
    <ClCompile Include="Sqlite\Data\TDSceneMapPeaceArea.cpp">
      <Filter>Sqlite\Data</Filter>
    </ClCompile>
    <ClCompile Include="Sqlite\Data\TDSceneMapSubRegion.cpp">
      <Filter>Sqlite\Data</Filter>
    </ClCompile>
    <ClCompile Include="Sqlite\Data\TDSceneMapTransfer.cpp">
      <Filter>Sqlite\Data</Filter>
    </ClCompile>
    <ClCompile Include="Sqlite\Data\TDSkillBullet.cpp">
      <Filter>Sqlite\Data</Filter>
    </ClCompile>
    <ClCompile Include="Sqlite\Data\TDSound.cpp">
      <Filter>Sqlite\Data</Filter>
    </ClCompile>
    <ClCompile Include="Sqlite\Data\TDTalkBubble.cpp">
      <Filter>Sqlite\Data</Filter>
    </ClCompile>
    <ClCompile Include="Sqlite\Data\TDTalkBubbleGroup.cpp">
      <Filter>Sqlite\Data</Filter>
    </ClCompile>
    <ClCompile Include="Sqlite\Data\TDTimeTask.cpp">
      <Filter>Sqlite\Data</Filter>
    </ClCompile>
    <ClCompile Include="Sqlite\Data\TDTriggerEvent.cpp">
      <Filter>Sqlite\Data</Filter>
    </ClCompile>
    <ClCompile Include="Sqlite\Data\TDTriggerModifier.cpp">
      <Filter>Sqlite\Data</Filter>
    </ClCompile>
    <ClCompile Include="Sqlite\Data\TDTriggerPoint.cpp">
      <Filter>Sqlite\Data</Filter>
    </ClCompile>
    <ClCompile Include="Sqlite\SQLiteData.cpp">
      <Filter>Sqlite</Filter>
    </ClCompile>
    <ClCompile Include="Sqlite\SQLiteDataReader.cpp">
      <Filter>Sqlite</Filter>
    </ClCompile>
    <ClCompile Include="Sqlite\SQLiteTableBase.cpp">
      <Filter>Sqlite</Filter>
    </ClCompile>
    <ClCompile Include="STL\mySTL.cpp">
      <Filter>STL</Filter>
    </ClCompile>
    <ClCompile Include="Utility\SystemUtility.cpp">
      <Filter>Utility</Filter>
    </ClCompile>
    <ClCompile Include="Utility\BinaryUtility.cpp">
      <Filter>Utility</Filter>
    </ClCompile>
    <ClCompile Include="Utility\FileUtility.cpp">
      <Filter>Utility</Filter>
    </ClCompile>
    <ClCompile Include="Utility\FrameUtility.cpp">
      <Filter>Utility</Filter>
    </ClCompile>
    <ClCompile Include="Utility\MathUtility.cpp">
      <Filter>Utility</Filter>
    </ClCompile>
    <ClCompile Include="Utility\StringUtility.cpp">
      <Filter>Utility</Filter>
    </ClCompile>
    <ClCompile Include="Math\Vector3.cpp">
      <Filter>Math</Filter>
    </ClCompile>
    <ClCompile Include="Math\Quaternion.cpp">
      <Filter>Math</Filter>
    </ClCompile>
    <ClCompile Include="Math\Vector2.cpp">
      <Filter>Math</Filter>
    </ClCompile>
    <ClCompile Include="Sqlite\Data\TDEffect.cpp">
      <Filter>Sqlite\Data</Filter>
    </ClCompile>
    <ClCompile Include="Sqlite\Data\TDImagePositionAnimation.cpp">
      <Filter>Sqlite\Data</Filter>
    </ClCompile>
    <ClCompile Include="Sqlite\Data\TDImagePositionIcon.cpp">
      <Filter>Sqlite\Data</Filter>
    </ClCompile>
    <ClCompile Include="Sqlite\Data\TDMapEffect.cpp">
      <Filter>Sqlite\Data</Filter>
    </ClCompile>
    <ClCompile Include="Sqlite\Data\TDMapTileIndex.cpp">
      <Filter>Sqlite\Data</Filter>
    </ClCompile>
    <ClCompile Include="Sqlite\Data\TDModelEquip.cpp">
      <Filter>Sqlite\Data</Filter>
    </ClCompile>
    <ClCompile Include="Sqlite\Data\TDTalkDialog.cpp">
      <Filter>Sqlite\Data</Filter>
    </ClCompile>
    <ClCompile Include="Sqlite\Table\SQLiteImagePositionAnimation.cpp">
      <Filter>Sqlite\Table</Filter>
    </ClCompile>
    <ClCompile Include="SceneMap\MapTileSimple.cpp">
      <Filter>SceneMap</Filter>
    </ClCompile>
  </ItemGroup>
  <ItemGroup>
    <ClInclude Include="Common\ServerDefine.h">
      <Filter>Common</Filter>
    </ClInclude>
    <ClInclude Include="FreeImage\FreeImage.h">
      <Filter>FreeImage</Filter>
    </ClInclude>
    <ClInclude Include="Memory\MemoryInfo.h">
      <Filter>Memory</Filter>
    </ClInclude>
    <ClInclude Include="Memory\txMemoryCheck.h">
      <Filter>Memory</Filter>
    </ClInclude>
    <ClInclude Include="Memory\txMemoryTrace.h">
      <Filter>Memory</Filter>
    </ClInclude>
    <ClInclude Include="Memory\txShareMemoryServer.h">
      <Filter>Memory</Filter>
    </ClInclude>
    <ClInclude Include="Thread\CustomThread.h">
      <Filter>Thread</Filter>
    </ClInclude>
    <ClInclude Include="Thread\ThreadLock.h">
      <Filter>Thread</Filter>
    </ClInclude>
    <ClInclude Include="Thread\TimeLock.h">
      <Filter>Thread</Filter>
    </ClInclude>
    <ClInclude Include="Common\ServerBase.h">
      <Filter>Common</Filter>
    </ClInclude>
    <ClInclude Include="Common\ServerCallback.h">
      <Filter>Common</Filter>
    </ClInclude>
    <ClInclude Include="Common\ServerEnum.h">
      <Filter>Common</Filter>
    </ClInclude>
    <ClInclude Include="Common\StreamBuffer.h">
      <Filter>Common</Filter>
    </ClInclude>
    <ClInclude Include="Common\txSingleton.h">
      <Filter>Common</Filter>
    </ClInclude>
    <ClInclude Include="Common\ImageDefine.h">
      <Filter>Common</Filter>
    </ClInclude>
    <ClInclude Include="Serialize\txSerializedData.h">
      <Filter>Serialize</Filter>
    </ClInclude>
    <ClInclude Include="Serialize\txSerializer.h">
      <Filter>Serialize</Filter>
    </ClInclude>
    <ClInclude Include="Utility\ImageUtility.h">
      <Filter>Utility</Filter>
    </ClInclude>
    <ClInclude Include="Sqlite\sqlite3\sqlite3.h">
      <Filter>Sqlite\sqlite3</Filter>
    </ClInclude>
    <ClInclude Include="Sqlite\sqlite3\sqlite3ext.h">
      <Filter>Sqlite\sqlite3</Filter>
    </ClInclude>
    <ClInclude Include="SceneMap\MapHeader.h">
      <Filter>SceneMap</Filter>
    </ClInclude>
    <ClInclude Include="SceneMap\MapTile.h">
      <Filter>SceneMap</Filter>
    </ClInclude>
    <ClInclude Include="Image\EffectFrame.h">
      <Filter>Image</Filter>
    </ClInclude>
    <ClInclude Include="Image\EffectImage.h">
      <Filter>Image</Filter>
    </ClInclude>
    <ClInclude Include="Image\HumanAction.h">
      <Filter>Image</Filter>
    </ClInclude>
    <ClInclude Include="Image\HumanImage.h">
      <Filter>Image</Filter>
    </ClInclude>
    <ClInclude Include="Image\MonsterAction.h">
      <Filter>Image</Filter>
    </ClInclude>
    <ClInclude Include="Image\MonsterImage.h">
      <Filter>Image</Filter>
    </ClInclude>
    <ClInclude Include="Image\NPCAction.h">
      <Filter>Image</Filter>
    </ClInclude>
    <ClInclude Include="Image\NPCImage.h">
      <Filter>Image</Filter>
    </ClInclude>
    <ClInclude Include="Image\WeaponAction.h">
      <Filter>Image</Filter>
    </ClInclude>
    <ClInclude Include="Image\WeaponImage.h">
      <Filter>Image</Filter>
    </ClInclude>
    <ClInclude Include="SceneMap\UnreachTileGroup.h">
      <Filter>SceneMap</Filter>
    </ClInclude>
    <ClInclude Include="SceneMap\MapData.h">
      <Filter>SceneMap</Filter>
    </ClInclude>
    <ClInclude Include="md5\md5.h">
      <Filter>md5</Filter>
    </ClInclude>
    <ClInclude Include="Sqlite\Table\SQLiteAchivement.h">
      <Filter>Sqlite\Table</Filter>
    </ClInclude>
    <ClInclude Include="Sqlite\Table\SQLiteAnimation.h">
      <Filter>Sqlite\Table</Filter>
    </ClInclude>
    <ClInclude Include="Sqlite\Table\SQLiteBuff.h">
      <Filter>Sqlite\Table</Filter>
    </ClInclude>
    <ClInclude Include="Sqlite\Table\SQLiteBuffDetail.h">
      <Filter>Sqlite\Table</Filter>
    </ClInclude>
    <ClInclude Include="Sqlite\Table\SQLiteCondition.h">
      <Filter>Sqlite\Table</Filter>
    </ClInclude>
    <ClInclude Include="Sqlite\Table\SQLiteConditionDetail.h">
      <Filter>Sqlite\Table</Filter>
    </ClInclude>
    <ClInclude Include="Sqlite\Table\SQLiteEquipStrength.h">
      <Filter>Sqlite\Table</Filter>
    </ClInclude>
    <ClInclude Include="Sqlite\Table\SQLiteErrorCode.h">
      <Filter>Sqlite\Table</Filter>
    </ClInclude>
    <ClInclude Include="Sqlite\Table\SQLiteGoods.h">
      <Filter>Sqlite\Table</Filter>
    </ClInclude>
    <ClInclude Include="Sqlite\Table\SQLiteGuild.h">
      <Filter>Sqlite\Table</Filter>
    </ClInclude>
    <ClInclude Include="Sqlite\Table\SQLiteItem.h">
      <Filter>Sqlite\Table</Filter>
    </ClInclude>
    <ClInclude Include="Sqlite\Table\SQLiteItemBox.h">
      <Filter>Sqlite\Table</Filter>
    </ClInclude>
    <ClInclude Include="Sqlite\Table\SQLiteItemConsumable.h">
      <Filter>Sqlite\Table</Filter>
    </ClInclude>
    <ClInclude Include="Sqlite\Table\SQLiteItemEquip.h">
      <Filter>Sqlite\Table</Filter>
    </ClInclude>
    <ClInclude Include="Sqlite\Table\SQLiteItemMaterial.h">
      <Filter>Sqlite\Table</Filter>
    </ClInclude>
    <ClInclude Include="Sqlite\Table\SQLiteItemSkillBook.h">
      <Filter>Sqlite\Table</Filter>
    </ClInclude>
    <ClInclude Include="Sqlite\Table\SQLiteMakeItem.h">
      <Filter>Sqlite\Table</Filter>
    </ClInclude>
    <ClInclude Include="Sqlite\Table\SQLiteMineRegion.h">
      <Filter>Sqlite\Table</Filter>
    </ClInclude>
    <ClInclude Include="Sqlite\Table\SQLiteMission.h">
      <Filter>Sqlite\Table</Filter>
    </ClInclude>
    <ClInclude Include="Sqlite\Table\SQLiteMonster.h">
      <Filter>Sqlite\Table</Filter>
    </ClInclude>
    <ClInclude Include="Sqlite\Table\SQLiteMonsterRegion.h">
      <Filter>Sqlite\Table</Filter>
    </ClInclude>
    <ClInclude Include="Sqlite\Table\SQLiteMonsterSkill.h">
      <Filter>Sqlite\Table</Filter>
    </ClInclude>
    <ClInclude Include="Sqlite\Table\SQLiteMonsterTemplate.h">
      <Filter>Sqlite\Table</Filter>
    </ClInclude>
    <ClInclude Include="Sqlite\Table\SQLiteNPC.h">
      <Filter>Sqlite\Table</Filter>
    </ClInclude>
    <ClInclude Include="Sqlite\Table\SQLitePlayerLevel.h">
      <Filter>Sqlite\Table</Filter>
    </ClInclude>
    <ClInclude Include="Sqlite\Table\SQLitePlayerSkill.h">
      <Filter>Sqlite\Table</Filter>
    </ClInclude>
    <ClInclude Include="Sqlite\Table\SQLitePlayerSkillDetail.h">
      <Filter>Sqlite\Table</Filter>
    </ClInclude>
    <ClInclude Include="Sqlite\Table\SQLiteReward.h">
      <Filter>Sqlite\Table</Filter>
    </ClInclude>
    <ClInclude Include="Sqlite\Table\SQLiteSceneMap.h">
      <Filter>Sqlite\Table</Filter>
    </ClInclude>
    <ClInclude Include="Sqlite\Table\SQLiteSceneMapFile.h">
      <Filter>Sqlite\Table</Filter>
    </ClInclude>
    <ClInclude Include="Sqlite\Table\SQLiteSceneMapPeaceArea.h">
      <Filter>Sqlite\Table</Filter>
    </ClInclude>
    <ClInclude Include="Sqlite\Table\SQLiteSceneMapSubRegion.h">
      <Filter>Sqlite\Table</Filter>
    </ClInclude>
    <ClInclude Include="Sqlite\Table\SQLiteSceneMapTransfer.h">
      <Filter>Sqlite\Table</Filter>
    </ClInclude>
    <ClInclude Include="Sqlite\Table\SQLiteSkillBullet.h">
      <Filter>Sqlite\Table</Filter>
    </ClInclude>
    <ClInclude Include="Sqlite\Table\SQLiteSound.h">
      <Filter>Sqlite\Table</Filter>
    </ClInclude>
    <ClInclude Include="Sqlite\Table\SQLiteTalkBubble.h">
      <Filter>Sqlite\Table</Filter>
    </ClInclude>
    <ClInclude Include="Sqlite\Table\SQLiteTalkBubbleGroup.h">
      <Filter>Sqlite\Table</Filter>
    </ClInclude>
    <ClInclude Include="Sqlite\Table\SQLiteTimeTask.h">
      <Filter>Sqlite\Table</Filter>
    </ClInclude>
    <ClInclude Include="Sqlite\Table\SQLiteTriggerEvent.h">
      <Filter>Sqlite\Table</Filter>
    </ClInclude>
    <ClInclude Include="Sqlite\Table\SQLiteTriggerModifier.h">
      <Filter>Sqlite\Table</Filter>
    </ClInclude>
    <ClInclude Include="Sqlite\Table\SQLiteTriggerPoint.h">
      <Filter>Sqlite\Table</Filter>
    </ClInclude>
    <ClInclude Include="Sqlite\Data\TDAchivement.h">
      <Filter>Sqlite\Data</Filter>
    </ClInclude>
    <ClInclude Include="Sqlite\Data\TDAnimation.h">
      <Filter>Sqlite\Data</Filter>
    </ClInclude>
    <ClInclude Include="Sqlite\Data\TDBuff.h">
      <Filter>Sqlite\Data</Filter>
    </ClInclude>
    <ClInclude Include="Sqlite\Data\TDBuffDetail.h">
      <Filter>Sqlite\Data</Filter>
    </ClInclude>
    <ClInclude Include="Sqlite\Data\TDCondition.h">
      <Filter>Sqlite\Data</Filter>
    </ClInclude>
    <ClInclude Include="Sqlite\Data\TDConditionDetail.h">
      <Filter>Sqlite\Data</Filter>
    </ClInclude>
    <ClInclude Include="Sqlite\Data\TDEquipStrength.h">
      <Filter>Sqlite\Data</Filter>
    </ClInclude>
    <ClInclude Include="Sqlite\Data\TDErrorCode.h">
      <Filter>Sqlite\Data</Filter>
    </ClInclude>
    <ClInclude Include="Sqlite\Data\TDGoods.h">
      <Filter>Sqlite\Data</Filter>
    </ClInclude>
    <ClInclude Include="Sqlite\Data\TDGuild.h">
      <Filter>Sqlite\Data</Filter>
    </ClInclude>
    <ClInclude Include="Sqlite\Data\TDItem.h">
      <Filter>Sqlite\Data</Filter>
    </ClInclude>
    <ClInclude Include="Sqlite\Data\TDItemBox.h">
      <Filter>Sqlite\Data</Filter>
    </ClInclude>
    <ClInclude Include="Sqlite\Data\TDItemConsumable.h">
      <Filter>Sqlite\Data</Filter>
    </ClInclude>
    <ClInclude Include="Sqlite\Data\TDItemEquip.h">
      <Filter>Sqlite\Data</Filter>
    </ClInclude>
    <ClInclude Include="Sqlite\Data\TDItemMaterial.h">
      <Filter>Sqlite\Data</Filter>
    </ClInclude>
    <ClInclude Include="Sqlite\Data\TDItemSkillBook.h">
      <Filter>Sqlite\Data</Filter>
    </ClInclude>
    <ClInclude Include="Sqlite\Data\TDMakeItem.h">
      <Filter>Sqlite\Data</Filter>
    </ClInclude>
    <ClInclude Include="Sqlite\Data\TDMineRegion.h">
      <Filter>Sqlite\Data</Filter>
    </ClInclude>
    <ClInclude Include="Sqlite\Data\TDMission.h">
      <Filter>Sqlite\Data</Filter>
    </ClInclude>
    <ClInclude Include="Sqlite\Data\TDMonster.h">
      <Filter>Sqlite\Data</Filter>
    </ClInclude>
    <ClInclude Include="Sqlite\Data\TDMonsterRegion.h">
      <Filter>Sqlite\Data</Filter>
    </ClInclude>
    <ClInclude Include="Sqlite\Data\TDMonsterSkill.h">
      <Filter>Sqlite\Data</Filter>
    </ClInclude>
    <ClInclude Include="Sqlite\Data\TDMonsterTemplate.h">
      <Filter>Sqlite\Data</Filter>
    </ClInclude>
    <ClInclude Include="Sqlite\Data\TDNPC.h">
      <Filter>Sqlite\Data</Filter>
    </ClInclude>
    <ClInclude Include="Sqlite\Data\TDPlayerLevel.h">
      <Filter>Sqlite\Data</Filter>
    </ClInclude>
    <ClInclude Include="Sqlite\Data\TDPlayerSkill.h">
      <Filter>Sqlite\Data</Filter>
    </ClInclude>
    <ClInclude Include="Sqlite\Data\TDPlayerSkillDetail.h">
      <Filter>Sqlite\Data</Filter>
    </ClInclude>
    <ClInclude Include="Sqlite\Data\TDReward.h">
      <Filter>Sqlite\Data</Filter>
    </ClInclude>
    <ClInclude Include="Sqlite\Data\TDSceneMap.h">
      <Filter>Sqlite\Data</Filter>
    </ClInclude>
    <ClInclude Include="Sqlite\Data\TDSceneMapFile.h">
      <Filter>Sqlite\Data</Filter>
    </ClInclude>
    <ClInclude Include="Sqlite\Data\TDSceneMapPeaceArea.h">
      <Filter>Sqlite\Data</Filter>
    </ClInclude>
    <ClInclude Include="Sqlite\Data\TDSceneMapSubRegion.h">
      <Filter>Sqlite\Data</Filter>
    </ClInclude>
    <ClInclude Include="Sqlite\Data\TDSceneMapTransfer.h">
      <Filter>Sqlite\Data</Filter>
    </ClInclude>
    <ClInclude Include="Sqlite\Data\TDSkillBullet.h">
      <Filter>Sqlite\Data</Filter>
    </ClInclude>
    <ClInclude Include="Sqlite\Data\TDSound.h">
      <Filter>Sqlite\Data</Filter>
    </ClInclude>
    <ClInclude Include="Sqlite\Data\TDTalkBubble.h">
      <Filter>Sqlite\Data</Filter>
    </ClInclude>
    <ClInclude Include="Sqlite\Data\TDTalkBubbleGroup.h">
      <Filter>Sqlite\Data</Filter>
    </ClInclude>
    <ClInclude Include="Sqlite\Data\TDTimeTask.h">
      <Filter>Sqlite\Data</Filter>
    </ClInclude>
    <ClInclude Include="Sqlite\Data\TDTriggerEvent.h">
      <Filter>Sqlite\Data</Filter>
    </ClInclude>
    <ClInclude Include="Sqlite\Data\TDTriggerModifier.h">
      <Filter>Sqlite\Data</Filter>
    </ClInclude>
    <ClInclude Include="Sqlite\Data\TDTriggerPoint.h">
      <Filter>Sqlite\Data</Filter>
    </ClInclude>
    <ClInclude Include="Sqlite\SelectCount.h">
      <Filter>Sqlite</Filter>
    </ClInclude>
    <ClInclude Include="Sqlite\SQLiteData.h">
      <Filter>Sqlite</Filter>
    </ClInclude>
    <ClInclude Include="Sqlite\SQLiteDataReader.h">
      <Filter>Sqlite</Filter>
    </ClInclude>
    <ClInclude Include="Sqlite\SQLiteHeader.h">
      <Filter>Sqlite</Filter>
    </ClInclude>
    <ClInclude Include="Sqlite\SQLiteTable.h">
      <Filter>Sqlite</Filter>
    </ClInclude>
    <ClInclude Include="Sqlite\SQLiteTableBase.h">
      <Filter>Sqlite</Filter>
    </ClInclude>
    <ClInclude Include="STL\mySafeVector.h">
      <Filter>STL</Filter>
    </ClInclude>
    <ClInclude Include="STL\mySet.h">
      <Filter>STL</Filter>
    </ClInclude>
    <ClInclude Include="STL\myStack.h">
      <Filter>STL</Filter>
    </ClInclude>
    <ClInclude Include="STL\mySTL.h">
      <Filter>STL</Filter>
    </ClInclude>
    <ClInclude Include="STL\myVector.h">
      <Filter>STL</Filter>
    </ClInclude>
    <ClInclude Include="STL\myMap.h">
      <Filter>STL</Filter>
    </ClInclude>
    <ClInclude Include="STL\myQueue.h">
      <Filter>STL</Filter>
    </ClInclude>
    <ClInclude Include="STL\mySafeMap.h">
      <Filter>STL</Filter>
    </ClInclude>
    <ClInclude Include="STL\mySafeSet.h">
      <Filter>STL</Filter>
    </ClInclude>
    <ClInclude Include="Utility\StringUtility.h">
      <Filter>Utility</Filter>
    </ClInclude>
    <ClInclude Include="Utility\SystemUtility.h">
      <Filter>Utility</Filter>
    </ClInclude>
    <ClInclude Include="Utility\BinaryUtility.h">
      <Filter>Utility</Filter>
    </ClInclude>
    <ClInclude Include="Utility\FileUtility.h">
      <Filter>Utility</Filter>
    </ClInclude>
    <ClInclude Include="Utility\FrameUtility.h">
      <Filter>Utility</Filter>
    </ClInclude>
    <ClInclude Include="Utility\MathUtility.h">
      <Filter>Utility</Filter>
    </ClInclude>
    <ClInclude Include="Math\Vector2UShort.h">
      <Filter>Math</Filter>
    </ClInclude>
    <ClInclude Include="Math\Vector3.h">
      <Filter>Math</Filter>
    </ClInclude>
    <ClInclude Include="Math\Vector4.h">
      <Filter>Math</Filter>
    </ClInclude>
    <ClInclude Include="Math\Vector4Int.h">
      <Filter>Math</Filter>
    </ClInclude>
    <ClInclude Include="Math\Quaternion.h">
      <Filter>Math</Filter>
    </ClInclude>
    <ClInclude Include="Math\Vector2.h">
      <Filter>Math</Filter>
    </ClInclude>
    <ClInclude Include="Math\Vector2Int.h">
      <Filter>Math</Filter>
    </ClInclude>
    <ClInclude Include="Sqlite\Data\TDEffect.h">
      <Filter>Sqlite\Data</Filter>
    </ClInclude>
    <ClInclude Include="Sqlite\Data\TDImagePositionAnimation.h">
      <Filter>Sqlite\Data</Filter>
    </ClInclude>
    <ClInclude Include="Sqlite\Data\TDImagePositionIcon.h">
      <Filter>Sqlite\Data</Filter>
    </ClInclude>
    <ClInclude Include="Sqlite\Data\TDMapEffect.h">
      <Filter>Sqlite\Data</Filter>
    </ClInclude>
    <ClInclude Include="Sqlite\Data\TDMapTileIndex.h">
      <Filter>Sqlite\Data</Filter>
    </ClInclude>
    <ClInclude Include="Sqlite\Data\TDModelEquip.h">
      <Filter>Sqlite\Data</Filter>
    </ClInclude>
    <ClInclude Include="Sqlite\Data\TDTalkDialog.h">
      <Filter>Sqlite\Data</Filter>
    </ClInclude>
    <ClInclude Include="Sqlite\Table\SQLiteEffect.h">
      <Filter>Sqlite\Table</Filter>
    </ClInclude>
    <ClInclude Include="Sqlite\Table\SQLiteImagePositionAnimation.h">
      <Filter>Sqlite\Table</Filter>
    </ClInclude>
    <ClInclude Include="Sqlite\Table\SQLiteImagePositionIcon.h">
      <Filter>Sqlite\Table</Filter>
    </ClInclude>
    <ClInclude Include="Sqlite\Table\SQLiteMapEffect.h">
      <Filter>Sqlite\Table</Filter>
    </ClInclude>
    <ClInclude Include="Sqlite\Table\SQLiteMapTileIndex.h">
      <Filter>Sqlite\Table</Filter>
    </ClInclude>
    <ClInclude Include="Sqlite\Table\SQLiteModelEquip.h">
      <Filter>Sqlite\Table</Filter>
    </ClInclude>
    <ClInclude Include="Sqlite\Table\SQLiteTalkDialog.h">
      <Filter>Sqlite\Table</Filter>
    </ClInclude>
    <ClInclude Include="SceneMap\MapTileSimple.h">
      <Filter>SceneMap</Filter>
    </ClInclude>
  </ItemGroup>
</Project>