<?xml version="1.0" encoding="utf-8"?>
<Project ToolsVersion="4.0" xmlns="http://schemas.microsoft.com/developer/msbuild/2003">
  <ItemGroup>
    <Filter Include="源文件">
      <UniqueIdentifier>{4FC737F1-C7A5-4376-A066-2A32D752A2FF}</UniqueIdentifier>
      <Extensions>cpp;c;cc;cxx;def;odl;idl;hpj;bat;asm;asmx</Extensions>
    </Filter>
    <Filter Include="资源文件">
      <UniqueIdentifier>{67DA6AB6-F800-4c08-8B7A-83BB121AAD01}</UniqueIdentifier>
      <Extensions>rc;ico;cur;bmp;dlg;rc2;rct;bin;rgs;gif;jpg;jpeg;jpe;resx;tiff;tif;png;wav;mfcribbon-ms</Extensions>
    </Filter>
    <Filter Include="Utility">
      <UniqueIdentifier>{93995380-89BD-4b04-88EB-625FBE52EBFB}</UniqueIdentifier>
      <Extensions>h;hh;hpp;hxx;hm;inl;inc;xsd</Extensions>
    </Filter>
    <Filter Include="STL">
      <UniqueIdentifier>{16a168e7-4f46-4c8f-b2da-a5ce6836aa66}</UniqueIdentifier>
    </Filter>
    <Filter Include="Common">
      <UniqueIdentifier>{d2cb118f-eec7-4fdd-b795-aa07c549f474}</UniqueIdentifier>
    </Filter>
    <Filter Include="dependence">
      <UniqueIdentifier>{1fc75687-53d5-4be2-bbb9-75885752f22d}</UniqueIdentifier>
    </Filter>
    <Filter Include="dependence\md5">
      <UniqueIdentifier>{a3988138-f6b5-4129-9b83-4f5d1942c735}</UniqueIdentifier>
    </Filter>
  </ItemGroup>
  <ItemGroup>
    <ClCompile Include="main.cpp">
      <Filter>源文件</Filter>
    </ClCompile>
    <ClCompile Include="Utility\FileUtility.cpp">
      <Filter>Utility</Filter>
    </ClCompile>
    <ClCompile Include="Utility\StringUtility.cpp">
      <Filter>Utility</Filter>
    </ClCompile>
    <ClCompile Include="Common\txMemeryTrace.cpp">
      <Filter>Common</Filter>
    </ClCompile>
    <ClCompile Include="Common\txSerializer.cpp">
      <Filter>Common</Filter>
    </ClCompile>
    <ClCompile Include="dependence\md5\md5.cpp">
      <Filter>dependence\md5</Filter>
    </ClCompile>
  </ItemGroup>
  <ItemGroup>
    <ClInclude Include="Utility\FileUtility.h">
      <Filter>Utility</Filter>
    </ClInclude>
    <ClInclude Include="Utility\StringUtility.h">
      <Filter>Utility</Filter>
    </ClInclude>
    <ClInclude Include="STL\txMap.h">
      <Filter>STL</Filter>
    </ClInclude>
    <ClInclude Include="STL\txSet.h">
      <Filter>STL</Filter>
    </ClInclude>
    <ClInclude Include="STL\txSTLBase.h">
      <Filter>STL</Filter>
    </ClInclude>
    <ClInclude Include="STL\txVector.h">
      <Filter>STL</Filter>
    </ClInclude>
    <ClInclude Include="Common\CommonDefine.h">
      <Filter>Common</Filter>
    </ClInclude>
    <ClInclude Include="Common\EngineDefine.h">
      <Filter>Common</Filter>
    </ClInclude>
    <ClInclude Include="Common\txMemeryTrace.h">
      <Filter>Common</Filter>
    </ClInclude>
    <ClInclude Include="Common\txSerializer.h">
      <Filter>Common</Filter>
    </ClInclude>
    <ClInclude Include="dependence\md5\md5.h">
      <Filter>dependence\md5</Filter>
    </ClInclude>
  </ItemGroup>
</Project>